
Microsoft Visual Studio Solution File, Format Version 12.00
# Visual Studio Version 16
VisualStudioVersion = 16.0.31321.278
MinimumVisualStudioVersion = 10.0.40219.1
Project("{FAE04EC0-301F-11D3-BF4B-00C04F79EFBC}") = "BootcampHomeWork.Entities", "BootcampHomeWork.Entities\BootcampHomeWork.Entities.csproj", "{64CE55F0-C5C2-4325-9DE2-73950C4BE2E5}"
EndProject
Project("{FAE04EC0-301F-11D3-BF4B-00C04F79EFBC}") = "BootcampHomeWork.DataAccess", "BootcampHomeWork.DataAccess\BootcampHomeWork.DataAccess.csproj", "{F3332D44-BEAF-4C40-A0A3-D52A81A502AB}"
EndProject
Project("{FAE04EC0-301F-11D3-BF4B-00C04F79EFBC}") = "BootcampHomeWork.Mvc", "BootcampHomeWork.Mvc\BootcampHomeWork.Mvc.csproj", "{50C9EC9D-99A3-4313-A8B1-61E79D5AC49B}"
EndProject
Project("{FAE04EC0-301F-11D3-BF4B-00C04F79EFBC}") = "BootcampHomeWork.Core", "BootcampHomeWork.Core\BootcampHomeWork.Core.csproj", "{E1A34EAA-C3DD-4402-9C9E-E65DD70026AD}"
EndProject
Project("{FAE04EC0-301F-11D3-BF4B-00C04F79EFBC}") = "BootcampHomeWork.Business", "BootcampHomeWork.Business\BootcampHomeWork.Business.csproj", "{73BE9534-23A6-40AF-B02C-425AF028911B}"
EndProject
Global
	GlobalSection(SolutionConfigurationPlatforms) = preSolution
		Debug|Any CPU = Debug|Any CPU
		Release|Any CPU = Release|Any CPU
	EndGlobalSection
	GlobalSection(ProjectConfigurationPlatforms) = postSolution
		{64CE55F0-C5C2-4325-9DE2-73950C4BE2E5}.Debug|Any CPU.ActiveCfg = Debug|Any CPU
		{64CE55F0-C5C2-4325-9DE2-73950C4BE2E5}.Debug|Any CPU.Build.0 = Debug|Any CPU
		{64CE55F0-C5C2-4325-9DE2-73950C4BE2E5}.Release|Any CPU.ActiveCfg = Release|Any CPU
		{64CE55F0-C5C2-4325-9DE2-73950C4BE2E5}.Release|Any CPU.Build.0 = Release|Any CPU
		{F3332D44-BEAF-4C40-A0A3-D52A81A502AB}.Debug|Any CPU.ActiveCfg = Debug|Any CPU
		{F3332D44-BEAF-4C40-A0A3-D52A81A502AB}.Debug|Any CPU.Build.0 = Debug|Any CPU
		{F3332D44-BEAF-4C40-A0A3-D52A81A502AB}.Release|Any CPU.ActiveCfg = Release|Any CPU
		{F3332D44-BEAF-4C40-A0A3-D52A81A502AB}.Release|Any CPU.Build.0 = Release|Any CPU
		{50C9EC9D-99A3-4313-A8B1-61E79D5AC49B}.Debug|Any CPU.ActiveCfg = Debug|Any CPU
		{50C9EC9D-99A3-4313-A8B1-61E79D5AC49B}.Debug|Any CPU.Build.0 = Debug|Any CPU
		{50C9EC9D-99A3-4313-A8B1-61E79D5AC49B}.Release|Any CPU.ActiveCfg = Release|Any CPU
		{50C9EC9D-99A3-4313-A8B1-61E79D5AC49B}.Release|Any CPU.Build.0 = Release|Any CPU
		{E1A34EAA-C3DD-4402-9C9E-E65DD70026AD}.Debug|Any CPU.ActiveCfg = Debug|Any CPU
		{E1A34EAA-C3DD-4402-9C9E-E65DD70026AD}.Debug|Any CPU.Build.0 = Debug|Any CPU
		{E1A34EAA-C3DD-4402-9C9E-E65DD70026AD}.Release|Any CPU.ActiveCfg = Release|Any CPU
		{E1A34EAA-C3DD-4402-9C9E-E65DD70026AD}.Release|Any CPU.Build.0 = Release|Any CPU
		{73BE9534-23A6-40AF-B02C-425AF028911B}.Debug|Any CPU.ActiveCfg = Debug|Any CPU
		{73BE9534-23A6-40AF-B02C-425AF028911B}.Debug|Any CPU.Build.0 = Debug|Any CPU
		{73BE9534-23A6-40AF-B02C-425AF028911B}.Release|Any CPU.ActiveCfg = Release|Any CPU
		{73BE9534-23A6-40AF-B02C-425AF028911B}.Release|Any CPU.Build.0 = Release|Any CPU
	EndGlobalSection
	GlobalSection(SolutionProperties) = preSolution
		HideSolutionNode = FALSE
	EndGlobalSection
	GlobalSection(ExtensibilityGlobals) = postSolution
		SolutionGuid = {DC33F3E2-E16B-44BB-BF11-5EE2F404F9F0}
	EndGlobalSection
EndGlobal
